# generated by rye
# use `rye lock` or `rye sync` to update this lockfile
#
# last locked with the following flags:
#   pre: false
#   features: []
#   all-features: false
#   with-sources: false
#   generate-hashes: false

-e file:.
anyio==4.4.0
    # via httpx
certifi==2024.6.2
    # via httpcore
    # via httpx
click==8.1.7
    # via pyckage
h11==0.14.0
    # via httpcore
httpcore==1.0.5
    # via httpx
httpx==0.27.0
    # via pyckage
idna==3.7
    # via anyio
    # via httpx
iniconfig==2.0.0
    # via pytest
markdown-it-py==3.0.0
    # via rich
mdurl==0.1.2
    # via markdown-it-py
node-semver==0.9.0
    # via pyckage
packaging==24.1
    # via pytest
pluggy==1.5.0
    # via pytest
pygments==2.18.0
    # via rich
pytest==8.2.2
    # via pyckage
    # via pytest-mock
pytest-mock==3.14.0
    # via pyckage
rich==13.7.1
    # via pyckage
ruff==0.5.1
    # via pyckage
sniffio==1.3.1
    # via anyio
    # via httpx
tqdm==4.66.4
    # via pyckage
